<?xml version="1.0" encoding="utf-8"?>
<Project ToolsVersion="4.0" xmlns="http://schemas.microsoft.com/developer/msbuild/2003">
  <ItemGroup>
    <Filter Include="Main">
      <UniqueIdentifier>{20779522-6963-43e2-a2f9-fef80a88942b}</UniqueIdentifier>
    </Filter>
    <Filter Include="Utils">
      <UniqueIdentifier>{e87661f3-6e31-4f33-b9ed-58ef6350f558}</UniqueIdentifier>
    </Filter>
  </ItemGroup>
  <ItemGroup>
    <ClCompile Include="GameServer.cpp">
      <Filter>Main</Filter>
    </ClCompile>
    <ClCompile Include="pch.cpp">
      <Filter>Utils</Filter>
    </ClCompile>
    <ClCompile Include="Usermanager.cpp">
      <Filter>Main</Filter>
    </ClCompile>
    <ClCompile Include="accountmanager.cpp">
      <Filter>Main</Filter>
    </ClCompile>
  </ItemGroup>
  <ItemGroup>
    <ClInclude Include="pch.h">
      <Filter>Utils</Filter>
    </ClInclude>
    <ClInclude Include="Usermanager.h">
      <Filter>Main</Filter>
    </ClInclude>
    <ClInclude Include="accountmanager.h">
      <Filter>Main</Filter>
    </ClInclude>
  </ItemGroup>
</Project>